PODS:
  - AFNetworking (3.1.0):
    - AFNetworking/NSURLSession (= 3.1.0)
    - AFNetworking/Reachability (= 3.1.0)
    - AFNetworking/Security (= 3.1.0)
    - AFNetworking/Serialization (= 3.1.0)
    - AFNetworking/UIKit (= 3.1.0)
  - AFNetworking/NSURLSession (3.1.0):
    - AFNetworking/Reachability
    - AFNetworking/Security
    - AFNetworking/Serialization
  - AFNetworking/Reachability (3.1.0)
  - AFNetworking/Security (3.1.0)
  - AFNetworking/Serialization (3.1.0)
  - AFNetworking/UIKit (3.1.0):
    - AFNetworking/NSURLSession
  - DZNEmptyDataSet (1.8)
  - IQKeyboardManager (4.0.2)
  - JSONModel (1.2.0)
  - Masonry (1.0.0)
  - MJRefresh (3.1.0)
  - ReactiveCocoa (4.0.1):
    - ReactiveCocoa/UI (= 4.0.1)
    - Result (~> 1.0.2)
  - ReactiveCocoa/Core (4.0.1):
    - ReactiveCocoa/no-arc
    - Result (~> 1.0.2)
  - ReactiveCocoa/no-arc (4.0.1):
    - Result (~> 1.0.2)
  - ReactiveCocoa/UI (4.0.1):
    - ReactiveCocoa/Core
    - Result (~> 1.0.2)
  - Result (1.0.2)
  - SDWebImage (3.7.5):
    - SDWebImage/Core (= 3.7.5)
  - SDWebImage/Core (3.7.5)
  - SVProgressHUD (2.0-beta8)
  - YYKit (0.9.11):
    - YYKit/no-arc (= 0.9.11)
  - YYKit/no-arc (0.9.11)

DEPENDENCIES:
  - AFNetworking (~> 3.1.0)
  - DZNEmptyDataSet (~> 1.8)
  - IQKeyboardManager (~> 4.0.2)
  - JSONModel (~> 1.2.0)
  - Masonry (~> 1.0.0)
  - MJRefresh (~> 3.1.0)
  - ReactiveCocoa (~> 4.0.0)
  - SDWebImage (~> 3.7.5)
  - SVProgressHUD (~> 2.0-beta8)
  - YYKit (~> 0.9.11)

SPEC CHECKSUMS:
  AFNetworking: 5e0e199f73d8626b11e79750991f5d173d1f8b67
  DZNEmptyDataSet: d2351b2e8daefa40433ef292e246e21f6be31a7b
  IQKeyboardManager: 2341089c4ae25fa2fa82ce356a259fcd267dc6b6
  JSONModel: 12523685c4b623553ccf844bbbf7007624317b2c
  Masonry: b529bb169217897b6354d4b56b1fada6d475b13d
  MJRefresh: 743e6404967d1c2c688472ea3ecfde247d872db4
  ReactiveCocoa: f7011630aee4deeb16352fcb1b50d6bde9db4f90
  Result: dd3dd71af3fa2e262f1a999e14fba2c25ec14f16
  SDWebImage: 69c6303e3348fba97e03f65d65d4fbc26740f461
  SVProgressHUD: 6e48a1dda09ce3b58adc41d013baed3a8e8980ff
  YYKit: 76c3f2cee1a72d3c5b1d7fd8d170ee507fe5df68

COCOAPODS: 0.39.0
