PODS:
  - AFNetworking (3.1.0):
    - AFNetworking/NSURLSession (= 3.1.0)
    - AFNetworking/Reachability (= 3.1.0)
    - AFNetworking/Security (= 3.1.0)
    - AFNetworking/Serialization (= 3.1.0)
    - AFNetworking/UIKit (= 3.1.0)
  - AFNetworking/NSURLSession (3.1.0):
    - AFNetworking/Reachability
    - AFNetworking/Security
    - AFNetworking/Serialization
  - AFNetworking/Reachability (3.1.0)
  - AFNetworking/Security (3.1.0)
  - AFNetworking/Serialization (3.1.0)
  - AFNetworking/UIKit (3.1.0):
    - AFNetworking/NSURLSession
  - DZNEmptyDataSet (1.8.1)
  - FBAllocationTracker (0.1.5)
  - FBMemoryProfiler (0.1.3):
    - FBAllocationTracker (~> 0.1)
    - FBRetainCycleDetector (~> 0.1)
  - FBRetainCycleDetector (0.1.2)
  - GPUImage (0.1.7)
  - iCarousel (1.8.2)
  - IQKeyboardManager (4.0.4)
  - JSONModel (1.2.0)
  - Masonry (1.0.1)
  - MJRefresh (3.1.12)
  - NSLogger (1.7.0):
    - NSLogger/Standard (= 1.7.0)
  - NSLogger/Standard (1.7.0)
  - ReactiveCocoa (2.5):
    - ReactiveCocoa/UI (= 2.5)
  - ReactiveCocoa/Core (2.5):
    - ReactiveCocoa/no-arc
  - ReactiveCocoa/no-arc (2.5)
  - ReactiveCocoa/UI (2.5):
    - ReactiveCocoa/Core
  - RSKImageCropper (1.6.3)
  - SDWebImage (3.7.6):
    - SDWebImage/Core (= 3.7.6)
  - SDWebImage/Core (3.7.6)
  - SVProgressHUD (2.0.3)
  - YYKit (1.0.7):
    - YYKit/no-arc (= 1.0.7)
  - YYKit/no-arc (1.0.7)

DEPENDENCIES:
  - AFNetworking (~> 3.1.0)
  - DZNEmptyDataSet (~> 1.8)
  - FBMemoryProfiler (~> 0.1.3)
  - GPUImage (~> 0.1.7)
  - iCarousel (~> 1.8.2)
  - IQKeyboardManager (~> 4.0.2)
  - JSONModel (~> 1.2.0)
  - Masonry (~> 1.0.0)
  - MJRefresh (~> 3.1.0)
  - NSLogger (~> 1.7.0)
  - ReactiveCocoa (~> 2.5)
  - RSKImageCropper (~> 1.6.3)
  - SDWebImage (~> 3.7.5)
  - SVProgressHUD (~> 2.0-beta8)
  - YYKit (~> 1.0.1)

SPEC CHECKSUMS:
  AFNetworking: 5e0e199f73d8626b11e79750991f5d173d1f8b67
  DZNEmptyDataSet: 9525833b9e68ac21c30253e1d3d7076cc828eaa7
  FBAllocationTracker: dfdca3f71aceca6a85e95e3c6ec76a9785eba0f1
  FBMemoryProfiler: 623fc5f8a61f7d02ec75c87e3b97c90f621d8b02
  FBRetainCycleDetector: 45462f9ed1af0cd77224a4cc4e6dacaca47371b4
  GPUImage: 733a5f0fab92df9de1c37ba9df520a833ccb406d
  iCarousel: 67c8a43da5a46795b56aadfc96cd36a16f6149b2
  IQKeyboardManager: 4a6f83b540283c2645aaeba2bd8dc0f09b5c77f8
  JSONModel: 12523685c4b623553ccf844bbbf7007624317b2c
  Masonry: a1a931a0d08870ed8ae415a2ea5ea68ebcac77df
  MJRefresh: b96cdb21c4aa75a7b07654311ab2f315c497e806
  NSLogger: daa17368272ddf10a0850c218fe49de23b50f2eb
  ReactiveCocoa: e2db045570aa97c695e7aa97c2bcab222ae51f4a
  RSKImageCropper: 356e36fc58c57c371b5d8b23d603936d6a73df6c
  SDWebImage: c325cf02c30337336b95beff20a13df489ec0ec9
  SVProgressHUD: b0830714205bea1317ea1a2ebc71e5633af334d4
  YYKit: 843d1b26e20b82c695790c9a89907eaa1e99907f

PODFILE CHECKSUM: 577ded012f032588b6cf83ed22453cd5f72bf203

COCOAPODS: 1.2.1
