PODS:
  - AFNetworking (3.1.0):
    - AFNetworking/NSURLSession (= 3.1.0)
    - AFNetworking/Reachability (= 3.1.0)
    - AFNetworking/Security (= 3.1.0)
    - AFNetworking/Serialization (= 3.1.0)
    - AFNetworking/UIKit (= 3.1.0)
  - AFNetworking/NSURLSession (3.1.0):
    - AFNetworking/Reachability
    - AFNetworking/Security
    - AFNetworking/Serialization
  - AFNetworking/Reachability (3.1.0)
  - AFNetworking/Security (3.1.0)
  - AFNetworking/Serialization (3.1.0)
  - AFNetworking/UIKit (3.1.0):
    - AFNetworking/NSURLSession
  - DZNEmptyDataSet (1.8.1)
  - FBAllocationTracker (0.1.5)
  - FBMemoryProfiler (0.1.3):
    - FBAllocationTracker (~> 0.1)
    - FBRetainCycleDetector (~> 0.1)
  - FBRetainCycleDetector (0.1.4)
  - iCarousel (1.8.3)
  - IQKeyboardManager (4.0.13)
  - JSONModel (1.2.0)
  - Masonry (1.0.2)
  - MJRefresh (3.1.15.3)
  - NSLogger (1.7.0):
    - NSLogger/Standard (= 1.7.0)
  - NSLogger/Standard (1.7.0)
  - ReactiveCocoa (2.5):
    - ReactiveCocoa/UI (= 2.5)
  - ReactiveCocoa/Core (2.5):
    - ReactiveCocoa/no-arc
  - ReactiveCocoa/no-arc (2.5)
  - ReactiveCocoa/UI (2.5):
    - ReactiveCocoa/Core
  - RSKImageCropper (1.6.4)
  - SDWebImage (3.7.6):
    - SDWebImage/Core (= 3.7.6)
  - SDWebImage/Core (3.7.6)
  - SVProgressHUD (2.2.5)
  - YYKit (1.0.9):
    - YYKit/no-arc (= 1.0.9)
  - YYKit/no-arc (1.0.9)

DEPENDENCIES:
  - AFNetworking (~> 3.1.0)
  - DZNEmptyDataSet (~> 1.8)
  - FBMemoryProfiler (~> 0.1.3)
  - iCarousel (~> 1.8.2)
  - IQKeyboardManager (~> 4.0.2)
  - JSONModel (~> 1.2.0)
  - Masonry (~> 1.0.0)
  - MJRefresh (~> 3.1.0)
  - NSLogger (~> 1.7.0)
  - ReactiveCocoa (~> 2.5)
  - RSKImageCropper (~> 1.6.3)
  - SDWebImage (~> 3.7.5)
  - SVProgressHUD (~> 2.0-beta8)
  - YYKit (~> 1.0.1)

SPEC REPOS:
  https://github.com/cocoapods/specs.git:
    - AFNetworking
    - DZNEmptyDataSet
    - FBAllocationTracker
    - FBMemoryProfiler
    - FBRetainCycleDetector
    - iCarousel
    - IQKeyboardManager
    - JSONModel
    - Masonry
    - MJRefresh
    - NSLogger
    - ReactiveCocoa
    - RSKImageCropper
    - SDWebImage
    - SVProgressHUD
    - YYKit

SPEC CHECKSUMS:
  AFNetworking: 5e0e199f73d8626b11e79750991f5d173d1f8b67
  DZNEmptyDataSet: 9525833b9e68ac21c30253e1d3d7076cc828eaa7
  FBAllocationTracker: dfdca3f71aceca6a85e95e3c6ec76a9785eba0f1
  FBMemoryProfiler: 623fc5f8a61f7d02ec75c87e3b97c90f621d8b02
  FBRetainCycleDetector: 46f8179bbb1c587deee3ea838a1a3ee02acf5015
  iCarousel: d782f635afac190c49bb8ee455882284cff8b85f
  IQKeyboardManager: 8eab4d8111418414619d1df8e4779ce5d0f8d7e2
  JSONModel: 12523685c4b623553ccf844bbbf7007624317b2c
  Masonry: 7c429b56da9d4ee0bbb3ed77a5ea710d6a5df39e
  MJRefresh: b48380ae2b927b46c4ef000de9adb8dc748e1df7
  NSLogger: daa17368272ddf10a0850c218fe49de23b50f2eb
  ReactiveCocoa: e2db045570aa97c695e7aa97c2bcab222ae51f4a
  RSKImageCropper: 58fffd99d57c33fccbd817eb3b8bc341ed877351
  SDWebImage: c325cf02c30337336b95beff20a13df489ec0ec9
  SVProgressHUD: 1428aafac632c1f86f62aa4243ec12008d7a51d6
  YYKit: 7cda43304a8dc3696c449041e2cb3107b4e236e7

PODFILE CHECKSUM: b1d67370948042315169b7d8fe0d7f6ef9ad898f

COCOAPODS: 1.6.0
