// !$*UTF8*$!
{
	archiveVersion = 1;
	classes = {
	};
	objectVersion = 46;
	objects = {

/* Begin PBXBuildFile section */
		278F61CD1D48F0DF00EF5CDC /* EditViewControllerManager.m in Sources */ = {isa = PBXBuildFile; fileRef = 278F61CC1D48F0DF00EF5CDC /* EditViewControllerManager.m */; };
		27CE94551D3B484A003791FC /* main.m in Sources */ = {isa = PBXBuildFile; fileRef = 27CE94541D3B484A003791FC /* main.m */; };
		27CE94581D3B484A003791FC /* AppDelegate.m in Sources */ = {isa = PBXBuildFile; fileRef = 27CE94571D3B484A003791FC /* AppDelegate.m */; };
		27CE945B1D3B484A003791FC /* ViewController.m in Sources */ = {isa = PBXBuildFile; fileRef = 27CE945A1D3B484A003791FC /* ViewController.m */; };
		27CE945E1D3B484A003791FC /* Main.storyboard in Resources */ = {isa = PBXBuildFile; fileRef = 27CE945C1D3B484A003791FC /* Main.storyboard */; };
		27CE94601D3B484A003791FC /* Assets.xcassets in Resources */ = {isa = PBXBuildFile; fileRef = 27CE945F1D3B484A003791FC /* Assets.xcassets */; };
		27CE94631D3B484A003791FC /* LaunchScreen.storyboard in Resources */ = {isa = PBXBuildFile; fileRef = 27CE94611D3B484A003791FC /* LaunchScreen.storyboard */; };
		27CE946E1D3B484A003791FC /* FROSTPlatformTests.m in Sources */ = {isa = PBXBuildFile; fileRef = 27CE946D1D3B484A003791FC /* FROSTPlatformTests.m */; };
		27CE94791D3B484A003791FC /* FROSTPlatformUITests.m in Sources */ = {isa = PBXBuildFile; fileRef = 27CE94781D3B484A003791FC /* FROSTPlatformUITests.m */; };
		27CE94A01D3BDFA1003791FC /* EditMainViewController.m in Sources */ = {isa = PBXBuildFile; fileRef = 27CE949F1D3BDFA1003791FC /* EditMainViewController.m */; };
		27DF39D31D3C7A70001C5C33 /* RootViewModel.m in Sources */ = {isa = PBXBuildFile; fileRef = 27DF39D21D3C7A70001C5C33 /* RootViewModel.m */; };
		27DF39D61D3C7A9B001C5C33 /* RootModel.m in Sources */ = {isa = PBXBuildFile; fileRef = 27DF39D51D3C7A9B001C5C33 /* RootModel.m */; };
		27DF39D91D3C7AED001C5C33 /* EditViewModel.m in Sources */ = {isa = PBXBuildFile; fileRef = 27DF39D81D3C7AED001C5C33 /* EditViewModel.m */; };
		27DF39DC1D3CA504001C5C33 /* RootViewController.m in Sources */ = {isa = PBXBuildFile; fileRef = 27DF39DB1D3CA504001C5C33 /* RootViewController.m */; };
		27DF39DF1D3CA55F001C5C33 /* MainViewControler.m in Sources */ = {isa = PBXBuildFile; fileRef = 27DF39DE1D3CA55F001C5C33 /* MainViewControler.m */; };
		27DF39E51D3CC7F7001C5C33 /* RootView.m in Sources */ = {isa = PBXBuildFile; fileRef = 27DF39E41D3CC7F7001C5C33 /* RootView.m */; };
		27DF39E81D3CC893001C5C33 /* EditCollectionView.m in Sources */ = {isa = PBXBuildFile; fileRef = 27DF39E71D3CC893001C5C33 /* EditCollectionView.m */; };
		27DF39EB1D3CF4F7001C5C33 /* EditModel.m in Sources */ = {isa = PBXBuildFile; fileRef = 27DF39EA1D3CF4F7001C5C33 /* EditModel.m */; };
		27DF39EE1D3DBD3D001C5C33 /* EditRootItemView.m in Sources */ = {isa = PBXBuildFile; fileRef = 27DF39ED1D3DBD3D001C5C33 /* EditRootItemView.m */; };
		27DF39F11D3DBD66001C5C33 /* EditMainCollectionCell.m in Sources */ = {isa = PBXBuildFile; fileRef = 27DF39F01D3DBD66001C5C33 /* EditMainCollectionCell.m */; };
		27DF39F41D3DBE05001C5C33 /* EditItemImageView.m in Sources */ = {isa = PBXBuildFile; fileRef = 27DF39F31D3DBE05001C5C33 /* EditItemImageView.m */; };
		27DF39F71D3DBE23001C5C33 /* EditItemLabelView.m in Sources */ = {isa = PBXBuildFile; fileRef = 27DF39F61D3DBE23001C5C33 /* EditItemLabelView.m */; };
		27DF39FF1D3E08D5001C5C33 /* JsonUtil.m in Sources */ = {isa = PBXBuildFile; fileRef = 27DF39FE1D3E08D5001C5C33 /* JsonUtil.m */; };
		27DF44901D3E0BB2001C5C33 /* Template.geojson in Resources */ = {isa = PBXBuildFile; fileRef = 27DF448F1D3E0BB2001C5C33 /* Template.geojson */; };
		581684A8DEDFBE4E6F08C683 /* Pods.framework in Frameworks */ = {isa = PBXBuildFile; fileRef = A1D6098F2B2EE1545375D99E /* Pods.framework */; };
/* End PBXBuildFile section */

/* Begin PBXContainerItemProxy section */
		27CE946A1D3B484A003791FC /* PBXContainerItemProxy */ = {
			isa = PBXContainerItemProxy;
			containerPortal = 27CE94481D3B484A003791FC /* Project object */;
			proxyType = 1;
			remoteGlobalIDString = 27CE944F1D3B484A003791FC;
			remoteInfo = FROSTPlatform;
		};
		27CE94751D3B484A003791FC /* PBXContainerItemProxy */ = {
			isa = PBXContainerItemProxy;
			containerPortal = 27CE94481D3B484A003791FC /* Project object */;
			proxyType = 1;
			remoteGlobalIDString = 27CE944F1D3B484A003791FC;
			remoteInfo = FROSTPlatform;
		};
/* End PBXContainerItemProxy section */

/* Begin PBXFileReference section */
		271D8ABF1D4A614A00B0F336 /* EditNSNotificationCenter.h */ = {isa = PBXFileReference; fileEncoding = 4; lastKnownFileType = sourcecode.c.h; path = EditNSNotificationCenter.h; sourceTree = "<group>"; };
		278F60BD1D47C39A00EF5CDC /* EditItemRecognizerProtocol.h */ = {isa = PBXFileReference; fileEncoding = 4; lastKnownFileType = sourcecode.c.h; path = EditItemRecognizerProtocol.h; sourceTree = "<group>"; };
		278F61CB1D48F0DF00EF5CDC /* EditViewControllerManager.h */ = {isa = PBXFileReference; fileEncoding = 4; lastKnownFileType = sourcecode.c.h; path = EditViewControllerManager.h; sourceTree = "<group>"; };
		278F61CC1D48F0DF00EF5CDC /* EditViewControllerManager.m */ = {isa = PBXFileReference; fileEncoding = 4; lastKnownFileType = sourcecode.c.objc; path = EditViewControllerManager.m; sourceTree = "<group>"; };
		27B9E7431D4318FB00E7345B /* BindViewWithModelProtocol.h */ = {isa = PBXFileReference; fileEncoding = 4; lastKnownFileType = sourcecode.c.h; path = BindViewWithModelProtocol.h; sourceTree = "<group>"; };
		27CE94501D3B484A003791FC /* FROSTPlatform.app */ = {isa = PBXFileReference; explicitFileType = wrapper.application; includeInIndex = 0; path = FROSTPlatform.app; sourceTree = BUILT_PRODUCTS_DIR; };
		27CE94541D3B484A003791FC /* main.m */ = {isa = PBXFileReference; lastKnownFileType = sourcecode.c.objc; path = main.m; sourceTree = "<group>"; };
		27CE94561D3B484A003791FC /* AppDelegate.h */ = {isa = PBXFileReference; lastKnownFileType = sourcecode.c.h; path = AppDelegate.h; sourceTree = "<group>"; };
		27CE94571D3B484A003791FC /* AppDelegate.m */ = {isa = PBXFileReference; lastKnownFileType = sourcecode.c.objc; path = AppDelegate.m; sourceTree = "<group>"; };
		27CE94591D3B484A003791FC /* ViewController.h */ = {isa = PBXFileReference; lastKnownFileType = sourcecode.c.h; path = ViewController.h; sourceTree = "<group>"; };
		27CE945A1D3B484A003791FC /* ViewController.m */ = {isa = PBXFileReference; lastKnownFileType = sourcecode.c.objc; path = ViewController.m; sourceTree = "<group>"; };
		27CE945D1D3B484A003791FC /* Base */ = {isa = PBXFileReference; lastKnownFileType = file.storyboard; name = Base; path = Base.lproj/Main.storyboard; sourceTree = "<group>"; };
		27CE945F1D3B484A003791FC /* Assets.xcassets */ = {isa = PBXFileReference; lastKnownFileType = folder.assetcatalog; path = Assets.xcassets; sourceTree = "<group>"; };
		27CE94621D3B484A003791FC /* Base */ = {isa = PBXFileReference; lastKnownFileType = file.storyboard; name = Base; path = Base.lproj/LaunchScreen.storyboard; sourceTree = "<group>"; };
		27CE94641D3B484A003791FC /* Info.plist */ = {isa = PBXFileReference; lastKnownFileType = text.plist.xml; path = Info.plist; sourceTree = "<group>"; };
		27CE94691D3B484A003791FC /* FROSTPlatformTests.xctest */ = {isa = PBXFileReference; explicitFileType = wrapper.cfbundle; includeInIndex = 0; path = FROSTPlatformTests.xctest; sourceTree = BUILT_PRODUCTS_DIR; };
		27CE946D1D3B484A003791FC /* FROSTPlatformTests.m */ = {isa = PBXFileReference; lastKnownFileType = sourcecode.c.objc; path = FROSTPlatformTests.m; sourceTree = "<group>"; };
		27CE946F1D3B484A003791FC /* Info.plist */ = {isa = PBXFileReference; lastKnownFileType = text.plist.xml; path = Info.plist; sourceTree = "<group>"; };
		27CE94741D3B484A003791FC /* FROSTPlatformUITests.xctest */ = {isa = PBXFileReference; explicitFileType = wrapper.cfbundle; includeInIndex = 0; path = FROSTPlatformUITests.xctest; sourceTree = BUILT_PRODUCTS_DIR; };
		27CE94781D3B484A003791FC /* FROSTPlatformUITests.m */ = {isa = PBXFileReference; lastKnownFileType = sourcecode.c.objc; path = FROSTPlatformUITests.m; sourceTree = "<group>"; };
		27CE947A1D3B484A003791FC /* Info.plist */ = {isa = PBXFileReference; lastKnownFileType = text.plist.xml; path = Info.plist; sourceTree = "<group>"; };
		27CE94941D3BC872003791FC /* PrefixHeader.pch */ = {isa = PBXFileReference; fileEncoding = 4; lastKnownFileType = sourcecode.c.h; path = PrefixHeader.pch; sourceTree = "<group>"; };
		27CE949A1D3BDB91003791FC /* macroDefinition.h */ = {isa = PBXFileReference; fileEncoding = 4; lastKnownFileType = sourcecode.c.h; path = macroDefinition.h; sourceTree = "<group>"; };
		27CE949E1D3BDFA1003791FC /* EditMainViewController.h */ = {isa = PBXFileReference; fileEncoding = 4; lastKnownFileType = sourcecode.c.h; path = EditMainViewController.h; sourceTree = "<group>"; };
		27CE949F1D3BDFA1003791FC /* EditMainViewController.m */ = {isa = PBXFileReference; fileEncoding = 4; lastKnownFileType = sourcecode.c.objc; path = EditMainViewController.m; sourceTree = "<group>"; };
		27DF39D11D3C7A70001C5C33 /* RootViewModel.h */ = {isa = PBXFileReference; fileEncoding = 4; lastKnownFileType = sourcecode.c.h; path = RootViewModel.h; sourceTree = "<group>"; };
		27DF39D21D3C7A70001C5C33 /* RootViewModel.m */ = {isa = PBXFileReference; fileEncoding = 4; lastKnownFileType = sourcecode.c.objc; path = RootViewModel.m; sourceTree = "<group>"; };
		27DF39D41D3C7A9B001C5C33 /* RootModel.h */ = {isa = PBXFileReference; fileEncoding = 4; lastKnownFileType = sourcecode.c.h; path = RootModel.h; sourceTree = "<group>"; };
		27DF39D51D3C7A9B001C5C33 /* RootModel.m */ = {isa = PBXFileReference; fileEncoding = 4; lastKnownFileType = sourcecode.c.objc; path = RootModel.m; sourceTree = "<group>"; };
		27DF39D71D3C7AED001C5C33 /* EditViewModel.h */ = {isa = PBXFileReference; fileEncoding = 4; lastKnownFileType = sourcecode.c.h; path = EditViewModel.h; sourceTree = "<group>"; };
		27DF39D81D3C7AED001C5C33 /* EditViewModel.m */ = {isa = PBXFileReference; fileEncoding = 4; lastKnownFileType = sourcecode.c.objc; path = EditViewModel.m; sourceTree = "<group>"; };
		27DF39DA1D3CA504001C5C33 /* RootViewController.h */ = {isa = PBXFileReference; fileEncoding = 4; lastKnownFileType = sourcecode.c.h; path = RootViewController.h; sourceTree = "<group>"; };
		27DF39DB1D3CA504001C5C33 /* RootViewController.m */ = {isa = PBXFileReference; fileEncoding = 4; lastKnownFileType = sourcecode.c.objc; path = RootViewController.m; sourceTree = "<group>"; };
		27DF39DD1D3CA55F001C5C33 /* MainViewControler.h */ = {isa = PBXFileReference; fileEncoding = 4; lastKnownFileType = sourcecode.c.h; path = MainViewControler.h; sourceTree = "<group>"; };
		27DF39DE1D3CA55F001C5C33 /* MainViewControler.m */ = {isa = PBXFileReference; fileEncoding = 4; lastKnownFileType = sourcecode.c.objc; path = MainViewControler.m; sourceTree = "<group>"; };
		27DF39E31D3CC7F7001C5C33 /* RootView.h */ = {isa = PBXFileReference; fileEncoding = 4; lastKnownFileType = sourcecode.c.h; path = RootView.h; sourceTree = "<group>"; };
		27DF39E41D3CC7F7001C5C33 /* RootView.m */ = {isa = PBXFileReference; fileEncoding = 4; lastKnownFileType = sourcecode.c.objc; path = RootView.m; sourceTree = "<group>"; };
		27DF39E61D3CC893001C5C33 /* EditCollectionView.h */ = {isa = PBXFileReference; fileEncoding = 4; lastKnownFileType = sourcecode.c.h; path = EditCollectionView.h; sourceTree = "<group>"; };
		27DF39E71D3CC893001C5C33 /* EditCollectionView.m */ = {isa = PBXFileReference; fileEncoding = 4; lastKnownFileType = sourcecode.c.objc; path = EditCollectionView.m; sourceTree = "<group>"; };
		27DF39E91D3CF4F7001C5C33 /* EditModel.h */ = {isa = PBXFileReference; fileEncoding = 4; lastKnownFileType = sourcecode.c.h; path = EditModel.h; sourceTree = "<group>"; };
		27DF39EA1D3CF4F7001C5C33 /* EditModel.m */ = {isa = PBXFileReference; fileEncoding = 4; lastKnownFileType = sourcecode.c.objc; path = EditModel.m; sourceTree = "<group>"; };
		27DF39EC1D3DBD3D001C5C33 /* EditRootItemView.h */ = {isa = PBXFileReference; fileEncoding = 4; lastKnownFileType = sourcecode.c.h; path = EditRootItemView.h; sourceTree = "<group>"; };
		27DF39ED1D3DBD3D001C5C33 /* EditRootItemView.m */ = {isa = PBXFileReference; fileEncoding = 4; lastKnownFileType = sourcecode.c.objc; path = EditRootItemView.m; sourceTree = "<group>"; };
		27DF39EF1D3DBD66001C5C33 /* EditMainCollectionCell.h */ = {isa = PBXFileReference; fileEncoding = 4; lastKnownFileType = sourcecode.c.h; path = EditMainCollectionCell.h; sourceTree = "<group>"; };
		27DF39F01D3DBD66001C5C33 /* EditMainCollectionCell.m */ = {isa = PBXFileReference; fileEncoding = 4; lastKnownFileType = sourcecode.c.objc; path = EditMainCollectionCell.m; sourceTree = "<group>"; };
		27DF39F21D3DBE05001C5C33 /* EditItemImageView.h */ = {isa = PBXFileReference; fileEncoding = 4; lastKnownFileType = sourcecode.c.h; path = EditItemImageView.h; sourceTree = "<group>"; };
		27DF39F31D3DBE05001C5C33 /* EditItemImageView.m */ = {isa = PBXFileReference; fileEncoding = 4; lastKnownFileType = sourcecode.c.objc; path = EditItemImageView.m; sourceTree = "<group>"; };
		27DF39F51D3DBE23001C5C33 /* EditItemLabelView.h */ = {isa = PBXFileReference; fileEncoding = 4; lastKnownFileType = sourcecode.c.h; path = EditItemLabelView.h; sourceTree = "<group>"; };
		27DF39F61D3DBE23001C5C33 /* EditItemLabelView.m */ = {isa = PBXFileReference; fileEncoding = 4; lastKnownFileType = sourcecode.c.objc; path = EditItemLabelView.m; sourceTree = "<group>"; };
		27DF39FD1D3E08D5001C5C33 /* JsonUtil.h */ = {isa = PBXFileReference; fileEncoding = 4; lastKnownFileType = sourcecode.c.h; path = JsonUtil.h; sourceTree = "<group>"; };
		27DF39FE1D3E08D5001C5C33 /* JsonUtil.m */ = {isa = PBXFileReference; fileEncoding = 4; lastKnownFileType = sourcecode.c.objc; path = JsonUtil.m; sourceTree = "<group>"; };
		27DF448F1D3E0BB2001C5C33 /* Template.geojson */ = {isa = PBXFileReference; fileEncoding = 4; lastKnownFileType = text; path = Template.geojson; sourceTree = "<group>"; };
		62F80EDBB6BEF70042FEB3BE /* Pods.debug.xcconfig */ = {isa = PBXFileReference; includeInIndex = 1; lastKnownFileType = text.xcconfig; name = Pods.debug.xcconfig; path = "Pods/Target Support Files/Pods/Pods.debug.xcconfig"; sourceTree = "<group>"; };
		8963280A529425C4EB45E670 /* Pods.release.xcconfig */ = {isa = PBXFileReference; includeInIndex = 1; lastKnownFileType = text.xcconfig; name = Pods.release.xcconfig; path = "Pods/Target Support Files/Pods/Pods.release.xcconfig"; sourceTree = "<group>"; };
		A1D6098F2B2EE1545375D99E /* Pods.framework */ = {isa = PBXFileReference; explicitFileType = wrapper.framework; includeInIndex = 0; path = Pods.framework; sourceTree = BUILT_PRODUCTS_DIR; };
/* End PBXFileReference section */

/* Begin PBXFrameworksBuildPhase section */
		27CE944D1D3B484A003791FC /* Frameworks */ = {
			isa = PBXFrameworksBuildPhase;
			buildActionMask = 2147483647;
			files = (
				581684A8DEDFBE4E6F08C683 /* Pods.framework in Frameworks */,
			);
			runOnlyForDeploymentPostprocessing = 0;
		};
		27CE94661D3B484A003791FC /* Frameworks */ = {
			isa = PBXFrameworksBuildPhase;
			buildActionMask = 2147483647;
			files = (
			);
			runOnlyForDeploymentPostprocessing = 0;
		};
		27CE94711D3B484A003791FC /* Frameworks */ = {
			isa = PBXFrameworksBuildPhase;
			buildActionMask = 2147483647;
			files = (
			);
			runOnlyForDeploymentPostprocessing = 0;
		};
/* End PBXFrameworksBuildPhase section */

/* Begin PBXGroup section */
		278F61CA1D48F0DF00EF5CDC /* Manager */ = {
			isa = PBXGroup;
			children = (
				278F61CB1D48F0DF00EF5CDC /* EditViewControllerManager.h */,
				278F61CC1D48F0DF00EF5CDC /* EditViewControllerManager.m */,
			);
			path = Manager;
			sourceTree = "<group>";
		};
		27B9E7421D43189600E7345B /* HeaderFile */ = {
			isa = PBXGroup;
			children = (
				27B9E7431D4318FB00E7345B /* BindViewWithModelProtocol.h */,
				278F60BD1D47C39A00EF5CDC /* EditItemRecognizerProtocol.h */,
				271D8ABF1D4A614A00B0F336 /* EditNSNotificationCenter.h */,
			);
			path = HeaderFile;
			sourceTree = "<group>";
		};
		27CE94471D3B484A003791FC = {
			isa = PBXGroup;
			children = (
				27CE94521D3B484A003791FC /* FROSTPlatform */,
				27CE946C1D3B484A003791FC /* FROSTPlatformTests */,
				27CE94771D3B484A003791FC /* FROSTPlatformUITests */,
				27CE94511D3B484A003791FC /* Products */,
				5A2E8729DE9048636089624A /* Pods */,
				D7363DE09C9B427C05815CB5 /* Frameworks */,
			);
			sourceTree = "<group>";
		};
		27CE94511D3B484A003791FC /* Products */ = {
			isa = PBXGroup;
			children = (
				27CE94501D3B484A003791FC /* FROSTPlatform.app */,
				27CE94691D3B484A003791FC /* FROSTPlatformTests.xctest */,
				27CE94741D3B484A003791FC /* FROSTPlatformUITests.xctest */,
			);
			name = Products;
			sourceTree = "<group>";
		};
		27CE94521D3B484A003791FC /* FROSTPlatform */ = {
			isa = PBXGroup;
			children = (
				27B9E7421D43189600E7345B /* HeaderFile */,
				27DF39FC1D3E08C1001C5C33 /* PlatformTools */,
				27CE94951D3BD354003791FC /* Editor */,
				27CE948A1D3BC719003791FC /* Main */,
				27CE94861D3BC555003791FC /* PlatformRoot */,
				27CE94561D3B484A003791FC /* AppDelegate.h */,
				27CE94571D3B484A003791FC /* AppDelegate.m */,
				27CE94591D3B484A003791FC /* ViewController.h */,
				27CE945A1D3B484A003791FC /* ViewController.m */,
				27CE945C1D3B484A003791FC /* Main.storyboard */,
				27CE945F1D3B484A003791FC /* Assets.xcassets */,
				27CE94611D3B484A003791FC /* LaunchScreen.storyboard */,
				27CE94641D3B484A003791FC /* Info.plist */,
				27CE94531D3B484A003791FC /* Supporting Files */,
			);
			path = FROSTPlatform;
			sourceTree = "<group>";
		};
		27CE94531D3B484A003791FC /* Supporting Files */ = {
			isa = PBXGroup;
			children = (
				27CE94541D3B484A003791FC /* main.m */,
				27CE94941D3BC872003791FC /* PrefixHeader.pch */,
				27CE949A1D3BDB91003791FC /* macroDefinition.h */,
				27DF448F1D3E0BB2001C5C33 /* Template.geojson */,
			);
			name = "Supporting Files";
			sourceTree = "<group>";
		};
		27CE946C1D3B484A003791FC /* FROSTPlatformTests */ = {
			isa = PBXGroup;
			children = (
				27CE946D1D3B484A003791FC /* FROSTPlatformTests.m */,
				27CE946F1D3B484A003791FC /* Info.plist */,
			);
			path = FROSTPlatformTests;
			sourceTree = "<group>";
		};
		27CE94771D3B484A003791FC /* FROSTPlatformUITests */ = {
			isa = PBXGroup;
			children = (
				27CE94781D3B484A003791FC /* FROSTPlatformUITests.m */,
				27CE947A1D3B484A003791FC /* Info.plist */,
			);
			path = FROSTPlatformUITests;
			sourceTree = "<group>";
		};
		27CE94861D3BC555003791FC /* PlatformRoot */ = {
			isa = PBXGroup;
			children = (
				27CE948F1D3BC726003791FC /* Model */,
				27CE94901D3BC726003791FC /* Servers */,
				27CE94911D3BC726003791FC /* View */,
				27CE94921D3BC726003791FC /* ViewController */,
				27CE94931D3BC726003791FC /* ViewModel */,
			);
			path = PlatformRoot;
			sourceTree = "<group>";
		};
		27CE948A1D3BC719003791FC /* Main */ = {
			isa = PBXGroup;
			children = (
				27CE948B1D3BC719003791FC /* Model */,
				27CE948C1D3BC719003791FC /* View */,
				27CE948D1D3BC719003791FC /* ViewController */,
				27CE948E1D3BC719003791FC /* ViewModel */,
			);
			path = Main;
			sourceTree = "<group>";
		};
		27CE948B1D3BC719003791FC /* Model */ = {
			isa = PBXGroup;
			children = (
			);
			path = Model;
			sourceTree = "<group>";
		};
		27CE948C1D3BC719003791FC /* View */ = {
			isa = PBXGroup;
			children = (
			);
			path = View;
			sourceTree = "<group>";
		};
		27CE948D1D3BC719003791FC /* ViewController */ = {
			isa = PBXGroup;
			children = (
				27DF39DD1D3CA55F001C5C33 /* MainViewControler.h */,
				27DF39DE1D3CA55F001C5C33 /* MainViewControler.m */,
			);
			path = ViewController;
			sourceTree = "<group>";
		};
		27CE948E1D3BC719003791FC /* ViewModel */ = {
			isa = PBXGroup;
			children = (
			);
			path = ViewModel;
			sourceTree = "<group>";
		};
		27CE948F1D3BC726003791FC /* Model */ = {
			isa = PBXGroup;
			children = (
				27DF39D41D3C7A9B001C5C33 /* RootModel.h */,
				27DF39D51D3C7A9B001C5C33 /* RootModel.m */,
			);
			path = Model;
			sourceTree = "<group>";
		};
		27CE94901D3BC726003791FC /* Servers */ = {
			isa = PBXGroup;
			children = (
			);
			path = Servers;
			sourceTree = "<group>";
		};
		27CE94911D3BC726003791FC /* View */ = {
			isa = PBXGroup;
			children = (
				27DF39E31D3CC7F7001C5C33 /* RootView.h */,
				27DF39E41D3CC7F7001C5C33 /* RootView.m */,
			);
			path = View;
			sourceTree = "<group>";
		};
		27CE94921D3BC726003791FC /* ViewController */ = {
			isa = PBXGroup;
			children = (
				27DF39DA1D3CA504001C5C33 /* RootViewController.h */,
				27DF39DB1D3CA504001C5C33 /* RootViewController.m */,
			);
			path = ViewController;
			sourceTree = "<group>";
		};
		27CE94931D3BC726003791FC /* ViewModel */ = {
			isa = PBXGroup;
			children = (
				27DF39D11D3C7A70001C5C33 /* RootViewModel.h */,
				27DF39D21D3C7A70001C5C33 /* RootViewModel.m */,
			);
			path = ViewModel;
			sourceTree = "<group>";
		};
		27CE94951D3BD354003791FC /* Editor */ = {
			isa = PBXGroup;
			children = (
				278F61CA1D48F0DF00EF5CDC /* Manager */,
				27CE94961D3BD354003791FC /* Model */,
				27CE94971D3BD354003791FC /* View */,
				27CE94981D3BD354003791FC /* ViewController */,
				27CE94991D3BD354003791FC /* ViewModel */,
			);
			path = Editor;
			sourceTree = "<group>";
		};
		27CE94961D3BD354003791FC /* Model */ = {
			isa = PBXGroup;
			children = (
				27DF39E91D3CF4F7001C5C33 /* EditModel.h */,
				27DF39EA1D3CF4F7001C5C33 /* EditModel.m */,
			);
			path = Model;
			sourceTree = "<group>";
		};
		27CE94971D3BD354003791FC /* View */ = {
			isa = PBXGroup;
			children = (
				27DF39EF1D3DBD66001C5C33 /* EditMainCollectionCell.h */,
				27DF39F01D3DBD66001C5C33 /* EditMainCollectionCell.m */,
				27DF39E61D3CC893001C5C33 /* EditCollectionView.h */,
				27DF39E71D3CC893001C5C33 /* EditCollectionView.m */,
				27DF39EC1D3DBD3D001C5C33 /* EditRootItemView.h */,
				27DF39ED1D3DBD3D001C5C33 /* EditRootItemView.m */,
				27DF39F21D3DBE05001C5C33 /* EditItemImageView.h */,
				27DF39F31D3DBE05001C5C33 /* EditItemImageView.m */,
				27DF39F51D3DBE23001C5C33 /* EditItemLabelView.h */,
				27DF39F61D3DBE23001C5C33 /* EditItemLabelView.m */,
			);
			path = View;
			sourceTree = "<group>";
		};
		27CE94981D3BD354003791FC /* ViewController */ = {
			isa = PBXGroup;
			children = (
				27CE949E1D3BDFA1003791FC /* EditMainViewController.h */,
				27CE949F1D3BDFA1003791FC /* EditMainViewController.m */,
			);
			path = ViewController;
			sourceTree = "<group>";
		};
		27CE94991D3BD354003791FC /* ViewModel */ = {
			isa = PBXGroup;
			children = (
				27DF39D71D3C7AED001C5C33 /* EditViewModel.h */,
				27DF39D81D3C7AED001C5C33 /* EditViewModel.m */,
			);
			path = ViewModel;
			sourceTree = "<group>";
		};
		27DF39FC1D3E08C1001C5C33 /* PlatformTools */ = {
			isa = PBXGroup;
			children = (
				27DF39FD1D3E08D5001C5C33 /* JsonUtil.h */,
				27DF39FE1D3E08D5001C5C33 /* JsonUtil.m */,
			);
			path = PlatformTools;
			sourceTree = "<group>";
		};
		5A2E8729DE9048636089624A /* Pods */ = {
			isa = PBXGroup;
			children = (
				62F80EDBB6BEF70042FEB3BE /* Pods.debug.xcconfig */,
				8963280A529425C4EB45E670 /* Pods.release.xcconfig */,
			);
			name = Pods;
			sourceTree = "<group>";
		};
		D7363DE09C9B427C05815CB5 /* Frameworks */ = {
			isa = PBXGroup;
			children = (
				A1D6098F2B2EE1545375D99E /* Pods.framework */,
			);
			name = Frameworks;
			sourceTree = "<group>";
		};
/* End PBXGroup section */

/* Begin PBXNativeTarget section */
		27CE944F1D3B484A003791FC /* FROSTPlatform */ = {
			isa = PBXNativeTarget;
			buildConfigurationList = 27CE947D1D3B484A003791FC /* Build configuration list for PBXNativeTarget "FROSTPlatform" */;
			buildPhases = (
				DDFCDE5F8D303269430F213B /* Check Pods Manifest.lock */,
				27CE944C1D3B484A003791FC /* Sources */,
				27CE944D1D3B484A003791FC /* Frameworks */,
				27CE944E1D3B484A003791FC /* Resources */,
				8528BC2C2424E1BBF235AF1E /* Embed Pods Frameworks */,
				5019AECEC2E2DD28278EF4CD /* Copy Pods Resources */,
			);
			buildRules = (
			);
			dependencies = (
			);
			name = FROSTPlatform;
			productName = FROSTPlatform;
			productReference = 27CE94501D3B484A003791FC /* FROSTPlatform.app */;
			productType = "com.apple.product-type.application";
		};
		27CE94681D3B484A003791FC /* FROSTPlatformTests */ = {
			isa = PBXNativeTarget;
			buildConfigurationList = 27CE94801D3B484A003791FC /* Build configuration list for PBXNativeTarget "FROSTPlatformTests" */;
			buildPhases = (
				27CE94651D3B484A003791FC /* Sources */,
				27CE94661D3B484A003791FC /* Frameworks */,
				27CE94671D3B484A003791FC /* Resources */,
			);
			buildRules = (
			);
			dependencies = (
				27CE946B1D3B484A003791FC /* PBXTargetDependency */,
			);
			name = FROSTPlatformTests;
			productName = FROSTPlatformTests;
			productReference = 27CE94691D3B484A003791FC /* FROSTPlatformTests.xctest */;
			productType = "com.apple.product-type.bundle.unit-test";
		};
		27CE94731D3B484A003791FC /* FROSTPlatformUITests */ = {
			isa = PBXNativeTarget;
			buildConfigurationList = 27CE94831D3B484A003791FC /* Build configuration list for PBXNativeTarget "FROSTPlatformUITests" */;
			buildPhases = (
				27CE94701D3B484A003791FC /* Sources */,
				27CE94711D3B484A003791FC /* Frameworks */,
				27CE94721D3B484A003791FC /* Resources */,
			);
			buildRules = (
			);
			dependencies = (
				27CE94761D3B484A003791FC /* PBXTargetDependency */,
			);
			name = FROSTPlatformUITests;
			productName = FROSTPlatformUITests;
			productReference = 27CE94741D3B484A003791FC /* FROSTPlatformUITests.xctest */;
			productType = "com.apple.product-type.bundle.ui-testing";
		};
/* End PBXNativeTarget section */

/* Begin PBXProject section */
		27CE94481D3B484A003791FC /* Project object */ = {
			isa = PBXProject;
			attributes = {
				LastUpgradeCheck = 0720;
				ORGANIZATIONNAME = frost;
				TargetAttributes = {
					27CE944F1D3B484A003791FC = {
						CreatedOnToolsVersion = 7.2.1;
					};
					27CE94681D3B484A003791FC = {
						CreatedOnToolsVersion = 7.2.1;
						TestTargetID = 27CE944F1D3B484A003791FC;
					};
					27CE94731D3B484A003791FC = {
						CreatedOnToolsVersion = 7.2.1;
						TestTargetID = 27CE944F1D3B484A003791FC;
					};
				};
			};
			buildConfigurationList = 27CE944B1D3B484A003791FC /* Build configuration list for PBXProject "FROSTPlatform" */;
			compatibilityVersion = "Xcode 3.2";
			developmentRegion = English;
			hasScannedForEncodings = 0;
			knownRegions = (
				en,
				Base,
			);
			mainGroup = 27CE94471D3B484A003791FC;
			productRefGroup = 27CE94511D3B484A003791FC /* Products */;
			projectDirPath = "";
			projectRoot = "";
			targets = (
				27CE944F1D3B484A003791FC /* FROSTPlatform */,
				27CE94681D3B484A003791FC /* FROSTPlatformTests */,
				27CE94731D3B484A003791FC /* FROSTPlatformUITests */,
			);
		};
/* End PBXProject section */

/* Begin PBXResourcesBuildPhase section */
		27CE944E1D3B484A003791FC /* Resources */ = {
			isa = PBXResourcesBuildPhase;
			buildActionMask = 2147483647;
			files = (
				27CE94631D3B484A003791FC /* LaunchScreen.storyboard in Resources */,
				27DF44901D3E0BB2001C5C33 /* Template.geojson in Resources */,
				27CE94601D3B484A003791FC /* Assets.xcassets in Resources */,
				27CE945E1D3B484A003791FC /* Main.storyboard in Resources */,
			);
			runOnlyForDeploymentPostprocessing = 0;
		};
		27CE94671D3B484A003791FC /* Resources */ = {
			isa = PBXResourcesBuildPhase;
			buildActionMask = 2147483647;
			files = (
			);
			runOnlyForDeploymentPostprocessing = 0;
		};
		27CE94721D3B484A003791FC /* Resources */ = {
			isa = PBXResourcesBuildPhase;
			buildActionMask = 2147483647;
			files = (
			);
			runOnlyForDeploymentPostprocessing = 0;
		};
/* End PBXResourcesBuildPhase section */

/* Begin PBXShellScriptBuildPhase section */
		5019AECEC2E2DD28278EF4CD /* Copy Pods Resources */ = {
			isa = PBXShellScriptBuildPhase;
			buildActionMask = 2147483647;
			files = (
			);
			inputPaths = (
			);
			name = "Copy Pods Resources";
			outputPaths = (
			);
			runOnlyForDeploymentPostprocessing = 0;
			shellPath = /bin/sh;
			shellScript = "\"${SRCROOT}/Pods/Target Support Files/Pods/Pods-resources.sh\"\n";
			showEnvVarsInLog = 0;
		};
		8528BC2C2424E1BBF235AF1E /* Embed Pods Frameworks */ = {
			isa = PBXShellScriptBuildPhase;
			buildActionMask = 2147483647;
			files = (
			);
			inputPaths = (
			);
			name = "Embed Pods Frameworks";
			outputPaths = (
			);
			runOnlyForDeploymentPostprocessing = 0;
			shellPath = /bin/sh;
			shellScript = "\"${SRCROOT}/Pods/Target Support Files/Pods/Pods-frameworks.sh\"\n";
			showEnvVarsInLog = 0;
		};
		DDFCDE5F8D303269430F213B /* Check Pods Manifest.lock */ = {
			isa = PBXShellScriptBuildPhase;
			buildActionMask = 2147483647;
			files = (
			);
			inputPaths = (
			);
			name = "Check Pods Manifest.lock";
			outputPaths = (
			);
			runOnlyForDeploymentPostprocessing = 0;
			shellPath = /bin/sh;
			shellScript = "diff \"${PODS_ROOT}/../Podfile.lock\" \"${PODS_ROOT}/Manifest.lock\" > /dev/null\nif [[ $? != 0 ]] ; then\n    cat << EOM\nerror: The sandbox is not in sync with the Podfile.lock. Run 'pod install' or update your CocoaPods installation.\nEOM\n    exit 1\nfi\n";
			showEnvVarsInLog = 0;
		};
/* End PBXShellScriptBuildPhase section */

/* Begin PBXSourcesBuildPhase section */
		27CE944C1D3B484A003791FC /* Sources */ = {
			isa = PBXSourcesBuildPhase;
			buildActionMask = 2147483647;
			files = (
				27DF39F11D3DBD66001C5C33 /* EditMainCollectionCell.m in Sources */,
				27DF39E81D3CC893001C5C33 /* EditCollectionView.m in Sources */,
				27DF39D31D3C7A70001C5C33 /* RootViewModel.m in Sources */,
				27DF39F41D3DBE05001C5C33 /* EditItemImageView.m in Sources */,
				27DF39FF1D3E08D5001C5C33 /* JsonUtil.m in Sources */,
				27DF39DF1D3CA55F001C5C33 /* MainViewControler.m in Sources */,
				278F61CD1D48F0DF00EF5CDC /* EditViewControllerManager.m in Sources */,
				27CE945B1D3B484A003791FC /* ViewController.m in Sources */,
				27DF39DC1D3CA504001C5C33 /* RootViewController.m in Sources */,
				27DF39D61D3C7A9B001C5C33 /* RootModel.m in Sources */,
				27DF39EE1D3DBD3D001C5C33 /* EditRootItemView.m in Sources */,
				27CE94A01D3BDFA1003791FC /* EditMainViewController.m in Sources */,
				27DF39E51D3CC7F7001C5C33 /* RootView.m in Sources */,
				27DF39D91D3C7AED001C5C33 /* EditViewModel.m in Sources */,
				27DF39EB1D3CF4F7001C5C33 /* EditModel.m in Sources */,
				27CE94581D3B484A003791FC /* AppDelegate.m in Sources */,
				27DF39F71D3DBE23001C5C33 /* EditItemLabelView.m in Sources */,
				27CE94551D3B484A003791FC /* main.m in Sources */,
			);
			runOnlyForDeploymentPostprocessing = 0;
		};
		27CE94651D3B484A003791FC /* Sources */ = {
			isa = PBXSourcesBuildPhase;
			buildActionMask = 2147483647;
			files = (
				27CE946E1D3B484A003791FC /* FROSTPlatformTests.m in Sources */,
			);
			runOnlyForDeploymentPostprocessing = 0;
		};
		27CE94701D3B484A003791FC /* Sources */ = {
			isa = PBXSourcesBuildPhase;
			buildActionMask = 2147483647;
			files = (
				27CE94791D3B484A003791FC /* FROSTPlatformUITests.m in Sources */,
			);
			runOnlyForDeploymentPostprocessing = 0;
		};
/* End PBXSourcesBuildPhase section */

/* Begin PBXTargetDependency section */
		27CE946B1D3B484A003791FC /* PBXTargetDependency */ = {
			isa = PBXTargetDependency;
			target = 27CE944F1D3B484A003791FC /* FROSTPlatform */;
			targetProxy = 27CE946A1D3B484A003791FC /* PBXContainerItemProxy */;
		};
		27CE94761D3B484A003791FC /* PBXTargetDependency */ = {
			isa = PBXTargetDependency;
			target = 27CE944F1D3B484A003791FC /* FROSTPlatform */;
			targetProxy = 27CE94751D3B484A003791FC /* PBXContainerItemProxy */;
		};
/* End PBXTargetDependency section */

/* Begin PBXVariantGroup section */
		27CE945C1D3B484A003791FC /* Main.storyboard */ = {
			isa = PBXVariantGroup;
			children = (
				27CE945D1D3B484A003791FC /* Base */,
			);
			name = Main.storyboard;
			sourceTree = "<group>";
		};
		27CE94611D3B484A003791FC /* LaunchScreen.storyboard */ = {
			isa = PBXVariantGroup;
			children = (
				27CE94621D3B484A003791FC /* Base */,
			);
			name = LaunchScreen.storyboard;
			sourceTree = "<group>";
		};
/* End PBXVariantGroup section */

/* Begin XCBuildConfiguration section */
		27CE947B1D3B484A003791FC /* Debug */ = {
			isa = XCBuildConfiguration;
			buildSettings = {
				ALWAYS_SEARCH_USER_PATHS = NO;
				CLANG_CXX_LANGUAGE_STANDARD = "gnu++0x";
				CLANG_CXX_LIBRARY = "libc++";
				CLANG_ENABLE_MODULES = YES;
				CLANG_ENABLE_OBJC_ARC = YES;
				CLANG_WARN_BOOL_CONVERSION = YES;
				CLANG_WARN_CONSTANT_CONVERSION = YES;
				CLANG_WARN_DIRECT_OBJC_ISA_USAGE = YES_ERROR;
				CLANG_WARN_EMPTY_BODY = YES;
				CLANG_WARN_ENUM_CONVERSION = YES;
				CLANG_WARN_INT_CONVERSION = YES;
				CLANG_WARN_OBJC_ROOT_CLASS = YES_ERROR;
				CLANG_WARN_UNREACHABLE_CODE = YES;
				CLANG_WARN__DUPLICATE_METHOD_MATCH = YES;
				"CODE_SIGN_IDENTITY[sdk=iphoneos*]" = "iPhone Developer";
				COPY_PHASE_STRIP = NO;
				DEBUG_INFORMATION_FORMAT = dwarf;
				ENABLE_STRICT_OBJC_MSGSEND = YES;
				ENABLE_TESTABILITY = YES;
				GCC_C_LANGUAGE_STANDARD = gnu99;
				GCC_DYNAMIC_NO_PIC = NO;
				GCC_NO_COMMON_BLOCKS = YES;
				GCC_OPTIMIZATION_LEVEL = 0;
				GCC_PREPROCESSOR_DEFINITIONS = (
					"DEBUG=1",
					"$(inherited)",
				);
				GCC_WARN_64_TO_32_BIT_CONVERSION = YES;
				GCC_WARN_ABOUT_RETURN_TYPE = YES_ERROR;
				GCC_WARN_UNDECLARED_SELECTOR = YES;
				GCC_WARN_UNINITIALIZED_AUTOS = YES_AGGRESSIVE;
				GCC_WARN_UNUSED_FUNCTION = YES;
				GCC_WARN_UNUSED_VARIABLE = YES;
				IPHONEOS_DEPLOYMENT_TARGET = 9.2;
				MTL_ENABLE_DEBUG_INFO = YES;
				ONLY_ACTIVE_ARCH = YES;
				SDKROOT = iphoneos;
				TARGETED_DEVICE_FAMILY = "1,2";
			};
			name = Debug;
		};
		27CE947C1D3B484A003791FC /* Release */ = {
			isa = XCBuildConfiguration;
			buildSettings = {
				ALWAYS_SEARCH_USER_PATHS = NO;
				CLANG_CXX_LANGUAGE_STANDARD = "gnu++0x";
				CLANG_CXX_LIBRARY = "libc++";
				CLANG_ENABLE_MODULES = YES;
				CLANG_ENABLE_OBJC_ARC = YES;
				CLANG_WARN_BOOL_CONVERSION = YES;
				CLANG_WARN_CONSTANT_CONVERSION = YES;
				CLANG_WARN_DIRECT_OBJC_ISA_USAGE = YES_ERROR;
				CLANG_WARN_EMPTY_BODY = YES;
				CLANG_WARN_ENUM_CONVERSION = YES;
				CLANG_WARN_INT_CONVERSION = YES;
				CLANG_WARN_OBJC_ROOT_CLASS = YES_ERROR;
				CLANG_WARN_UNREACHABLE_CODE = YES;
				CLANG_WARN__DUPLICATE_METHOD_MATCH = YES;
				"CODE_SIGN_IDENTITY[sdk=iphoneos*]" = "iPhone Developer";
				COPY_PHASE_STRIP = NO;
				DEBUG_INFORMATION_FORMAT = "dwarf-with-dsym";
				ENABLE_NS_ASSERTIONS = NO;
				ENABLE_STRICT_OBJC_MSGSEND = YES;
				GCC_C_LANGUAGE_STANDARD = gnu99;
				GCC_NO_COMMON_BLOCKS = YES;
				GCC_WARN_64_TO_32_BIT_CONVERSION = YES;
				GCC_WARN_ABOUT_RETURN_TYPE = YES_ERROR;
				GCC_WARN_UNDECLARED_SELECTOR = YES;
				GCC_WARN_UNINITIALIZED_AUTOS = YES_AGGRESSIVE;
				GCC_WARN_UNUSED_FUNCTION = YES;
				GCC_WARN_UNUSED_VARIABLE = YES;
				IPHONEOS_DEPLOYMENT_TARGET = 9.2;
				MTL_ENABLE_DEBUG_INFO = NO;
				SDKROOT = iphoneos;
				TARGETED_DEVICE_FAMILY = "1,2";
				VALIDATE_PRODUCT = YES;
			};
			name = Release;
		};
		27CE947E1D3B484A003791FC /* Debug */ = {
			isa = XCBuildConfiguration;
			baseConfigurationReference = 62F80EDBB6BEF70042FEB3BE /* Pods.debug.xcconfig */;
			buildSettings = {
				ASSETCATALOG_COMPILER_APPICON_NAME = AppIcon;
				GCC_PRECOMPILE_PREFIX_HEADER = YES;
				GCC_PREFIX_HEADER = "$(SRCROOT)/FROSTPlatform/PrefixHeader.pch";
				INFOPLIST_FILE = FROSTPlatform/Info.plist;
				LD_RUNPATH_SEARCH_PATHS = "$(inherited) @executable_path/Frameworks";
				PRODUCT_BUNDLE_IDENTIFIER = frost.FROSTPlatform;
				PRODUCT_NAME = "$(TARGET_NAME)";
			};
			name = Debug;
		};
		27CE947F1D3B484A003791FC /* Release */ = {
			isa = XCBuildConfiguration;
			baseConfigurationReference = 8963280A529425C4EB45E670 /* Pods.release.xcconfig */;
			buildSettings = {
				ASSETCATALOG_COMPILER_APPICON_NAME = AppIcon;
				GCC_PRECOMPILE_PREFIX_HEADER = YES;
				GCC_PREFIX_HEADER = "$(SRCROOT)/FROSTPlatform/PrefixHeader.pch";
				INFOPLIST_FILE = FROSTPlatform/Info.plist;
				LD_RUNPATH_SEARCH_PATHS = "$(inherited) @executable_path/Frameworks";
				PRODUCT_BUNDLE_IDENTIFIER = frost.FROSTPlatform;
				PRODUCT_NAME = "$(TARGET_NAME)";
			};
			name = Release;
		};
		27CE94811D3B484A003791FC /* Debug */ = {
			isa = XCBuildConfiguration;
			buildSettings = {
				BUNDLE_LOADER = "$(TEST_HOST)";
				INFOPLIST_FILE = FROSTPlatformTests/Info.plist;
				LD_RUNPATH_SEARCH_PATHS = "$(inherited) @executable_path/Frameworks @loader_path/Frameworks";
				PRODUCT_BUNDLE_IDENTIFIER = frost.FROSTPlatformTests;
				PRODUCT_NAME = "$(TARGET_NAME)";
				TEST_HOST = "$(BUILT_PRODUCTS_DIR)/FROSTPlatform.app/FROSTPlatform";
			};
			name = Debug;
		};
		27CE94821D3B484A003791FC /* Release */ = {
			isa = XCBuildConfiguration;
			buildSettings = {
				BUNDLE_LOADER = "$(TEST_HOST)";
				INFOPLIST_FILE = FROSTPlatformTests/Info.plist;
				LD_RUNPATH_SEARCH_PATHS = "$(inherited) @executable_path/Frameworks @loader_path/Frameworks";
				PRODUCT_BUNDLE_IDENTIFIER = frost.FROSTPlatformTests;
				PRODUCT_NAME = "$(TARGET_NAME)";
				TEST_HOST = "$(BUILT_PRODUCTS_DIR)/FROSTPlatform.app/FROSTPlatform";
			};
			name = Release;
		};
		27CE94841D3B484A003791FC /* Debug */ = {
			isa = XCBuildConfiguration;
			buildSettings = {
				INFOPLIST_FILE = FROSTPlatformUITests/Info.plist;
				LD_RUNPATH_SEARCH_PATHS = "$(inherited) @executable_path/Frameworks @loader_path/Frameworks";
				PRODUCT_BUNDLE_IDENTIFIER = frost.FROSTPlatformUITests;
				PRODUCT_NAME = "$(TARGET_NAME)";
				TEST_TARGET_NAME = FROSTPlatform;
				USES_XCTRUNNER = YES;
			};
			name = Debug;
		};
		27CE94851D3B484A003791FC /* Release */ = {
			isa = XCBuildConfiguration;
			buildSettings = {
				INFOPLIST_FILE = FROSTPlatformUITests/Info.plist;
				LD_RUNPATH_SEARCH_PATHS = "$(inherited) @executable_path/Frameworks @loader_path/Frameworks";
				PRODUCT_BUNDLE_IDENTIFIER = frost.FROSTPlatformUITests;
				PRODUCT_NAME = "$(TARGET_NAME)";
				TEST_TARGET_NAME = FROSTPlatform;
				USES_XCTRUNNER = YES;
			};
			name = Release;
		};
/* End XCBuildConfiguration section */

/* Begin XCConfigurationList section */
		27CE944B1D3B484A003791FC /* Build configuration list for PBXProject "FROSTPlatform" */ = {
			isa = XCConfigurationList;
			buildConfigurations = (
				27CE947B1D3B484A003791FC /* Debug */,
				27CE947C1D3B484A003791FC /* Release */,
			);
			defaultConfigurationIsVisible = 0;
			defaultConfigurationName = Release;
		};
		27CE947D1D3B484A003791FC /* Build configuration list for PBXNativeTarget "FROSTPlatform" */ = {
			isa = XCConfigurationList;
			buildConfigurations = (
				27CE947E1D3B484A003791FC /* Debug */,
				27CE947F1D3B484A003791FC /* Release */,
			);
			defaultConfigurationIsVisible = 0;
			defaultConfigurationName = Release;
		};
		27CE94801D3B484A003791FC /* Build configuration list for PBXNativeTarget "FROSTPlatformTests" */ = {
			isa = XCConfigurationList;
			buildConfigurations = (
				27CE94811D3B484A003791FC /* Debug */,
				27CE94821D3B484A003791FC /* Release */,
			);
			defaultConfigurationIsVisible = 0;
			defaultConfigurationName = Release;
		};
		27CE94831D3B484A003791FC /* Build configuration list for PBXNativeTarget "FROSTPlatformUITests" */ = {
			isa = XCConfigurationList;
			buildConfigurations = (
				27CE94841D3B484A003791FC /* Debug */,
				27CE94851D3B484A003791FC /* Release */,
			);
			defaultConfigurationIsVisible = 0;
			defaultConfigurationName = Release;
		};
/* End XCConfigurationList section */
	};
	rootObject = 27CE94481D3B484A003791FC /* Project object */;
}
